
Microsoft Visual Studio Solution File, Format Version 12.00
# Visual Studio Version 16
VisualStudioVersion = 16.0.29021.104
MinimumVisualStudioVersion = 10.0.40219.1
Project("{FAE04EC0-301F-11D3-BF4B-00C04F79EFBC}") = "CountryMap.UWP", "CountryMap.UWP\CountryMap.UWP.csproj", "{5654530B-0166-460E-A9D9-E523D5FA4AB1}"
EndProject
Project("{FAE04EC0-301F-11D3-BF4B-00C04F79EFBC}") = "CountryMap.Android", "CountryMap.Android\CountryMap.Android.csproj", "{0E1584A0-A0E2-4754-97BF-466B0719E5BB}"
EndProject
Project("{FAE04EC0-301F-11D3-BF4B-00C04F79EFBC}") = "CountryMap.iOS", "CountryMap.iOS\CountryMap.iOS.csproj", "{65D9F14E-EEF3-48EC-83B9-D7BCFCEA8133}"
EndProject
Project("{FAE04EC0-301F-11D3-BF4B-00C04F79EFBC}") = "CountryMap", "CountryMap\CountryMap.csproj", "{701EF391-6DCA-4390-87AF-49CF61072DB3}"
EndProject
Global
	GlobalSection(SolutionConfigurationPlatforms) = preSolution
		Debug|Any CPU = Debug|Any CPU
		Debug|ARM = Debug|ARM
		Debug|iPhone = Debug|iPhone
		Debug|iPhoneSimulator = Debug|iPhoneSimulator
		Debug|x64 = Debug|x64
		Debug|x86 = Debug|x86
		Release|Any CPU = Release|Any CPU
		Release|ARM = Release|ARM
		Release|iPhone = Release|iPhone
		Release|iPhoneSimulator = Release|iPhoneSimulator
		Release|x64 = Release|x64
		Release|x86 = Release|x86
	EndGlobalSection
	GlobalSection(ProjectConfigurationPlatforms) = postSolution
		{5654530B-0166-460E-A9D9-E523D5FA4AB1}.Debug|Any CPU.ActiveCfg = Debug|x86
		{5654530B-0166-460E-A9D9-E523D5FA4AB1}.Debug|Any CPU.Build.0 = Debug|x86
		{5654530B-0166-460E-A9D9-E523D5FA4AB1}.Debug|Any CPU.Deploy.0 = Debug|x86
		{5654530B-0166-460E-A9D9-E523D5FA4AB1}.Debug|ARM.ActiveCfg = Debug|ARM
		{5654530B-0166-460E-A9D9-E523D5FA4AB1}.Debug|ARM.Build.0 = Debug|ARM
		{5654530B-0166-460E-A9D9-E523D5FA4AB1}.Debug|ARM.Deploy.0 = Debug|ARM
		{5654530B-0166-460E-A9D9-E523D5FA4AB1}.Debug|iPhone.ActiveCfg = Debug|x86
		{5654530B-0166-460E-A9D9-E523D5FA4AB1}.Debug|iPhone.Build.0 = Debug|x86
		{5654530B-0166-460E-A9D9-E523D5FA4AB1}.Debug|iPhone.Deploy.0 = Debug|x86
		{5654530B-0166-460E-A9D9-E523D5FA4AB1}.Debug|iPhoneSimulator.ActiveCfg = Debug|x86
		{5654530B-0166-460E-A9D9-E523D5FA4AB1}.Debug|iPhoneSimulator.Build.0 = Debug|x86
		{5654530B-0166-460E-A9D9-E523D5FA4AB1}.Debug|iPhoneSimulator.Deploy.0 = Debug|x86
		{5654530B-0166-460E-A9D9-E523D5FA4AB1}.Debug|x64.ActiveCfg = Debug|x64
		{5654530B-0166-460E-A9D9-E523D5FA4AB1}.Debug|x64.Build.0 = Debug|x64
		{5654530B-0166-460E-A9D9-E523D5FA4AB1}.Debug|x64.Deploy.0 = Debug|x64
		{5654530B-0166-460E-A9D9-E523D5FA4AB1}.Debug|x86.ActiveCfg = Debug|x86
		{5654530B-0166-460E-A9D9-E523D5FA4AB1}.Debug|x86.Build.0 = Debug|x86
		{5654530B-0166-460E-A9D9-E523D5FA4AB1}.Debug|x86.Deploy.0 = Debug|x86
		{5654530B-0166-460E-A9D9-E523D5FA4AB1}.Release|Any CPU.ActiveCfg = Release|x86
		{5654530B-0166-460E-A9D9-E523D5FA4AB1}.Release|Any CPU.Build.0 = Release|x86
		{5654530B-0166-460E-A9D9-E523D5FA4AB1}.Release|Any CPU.Deploy.0 = Release|x86
		{5654530B-0166-460E-A9D9-E523D5FA4AB1}.Release|ARM.ActiveCfg = Release|ARM
		{5654530B-0166-460E-A9D9-E523D5FA4AB1}.Release|ARM.Build.0 = Release|ARM
		{5654530B-0166-460E-A9D9-E523D5FA4AB1}.Release|ARM.Deploy.0 = Release|ARM
		{5654530B-0166-460E-A9D9-E523D5FA4AB1}.Release|iPhone.ActiveCfg = Release|x86
		{5654530B-0166-460E-A9D9-E523D5FA4AB1}.Release|iPhone.Build.0 = Release|x86
		{5654530B-0166-460E-A9D9-E523D5FA4AB1}.Release|iPhone.Deploy.0 = Release|x86
		{5654530B-0166-460E-A9D9-E523D5FA4AB1}.Release|iPhoneSimulator.ActiveCfg = Release|x86
		{5654530B-0166-460E-A9D9-E523D5FA4AB1}.Release|iPhoneSimulator.Build.0 = Release|x86
		{5654530B-0166-460E-A9D9-E523D5FA4AB1}.Release|iPhoneSimulator.Deploy.0 = Release|x86
		{5654530B-0166-460E-A9D9-E523D5FA4AB1}.Release|x64.ActiveCfg = Release|x64
		{5654530B-0166-460E-A9D9-E523D5FA4AB1}.Release|x64.Build.0 = Release|x64
		{5654530B-0166-460E-A9D9-E523D5FA4AB1}.Release|x64.Deploy.0 = Release|x64
		{5654530B-0166-460E-A9D9-E523D5FA4AB1}.Release|x86.ActiveCfg = Release|x86
		{5654530B-0166-460E-A9D9-E523D5FA4AB1}.Release|x86.Build.0 = Release|x86
		{5654530B-0166-460E-A9D9-E523D5FA4AB1}.Release|x86.Deploy.0 = Release|x86
		{0E1584A0-A0E2-4754-97BF-466B0719E5BB}.Debug|Any CPU.ActiveCfg = Debug|Any CPU
		{0E1584A0-A0E2-4754-97BF-466B0719E5BB}.Debug|Any CPU.Build.0 = Debug|Any CPU
		{0E1584A0-A0E2-4754-97BF-466B0719E5BB}.Debug|Any CPU.Deploy.0 = Debug|Any CPU
		{0E1584A0-A0E2-4754-97BF-466B0719E5BB}.Debug|ARM.ActiveCfg = Debug|Any CPU
		{0E1584A0-A0E2-4754-97BF-466B0719E5BB}.Debug|ARM.Build.0 = Debug|Any CPU
		{0E1584A0-A0E2-4754-97BF-466B0719E5BB}.Debug|ARM.Deploy.0 = Debug|Any CPU
		{0E1584A0-A0E2-4754-97BF-466B0719E5BB}.Debug|iPhone.ActiveCfg = Debug|Any CPU
		{0E1584A0-A0E2-4754-97BF-466B0719E5BB}.Debug|iPhone.Build.0 = Debug|Any CPU
		{0E1584A0-A0E2-4754-97BF-466B0719E5BB}.Debug|iPhone.Deploy.0 = Debug|Any CPU
		{0E1584A0-A0E2-4754-97BF-466B0719E5BB}.Debug|iPhoneSimulator.ActiveCfg = Debug|Any CPU
		{0E1584A0-A0E2-4754-97BF-466B0719E5BB}.Debug|iPhoneSimulator.Build.0 = Debug|Any CPU
		{0E1584A0-A0E2-4754-97BF-466B0719E5BB}.Debug|iPhoneSimulator.Deploy.0 = Debug|Any CPU
		{0E1584A0-A0E2-4754-97BF-466B0719E5BB}.Debug|x64.ActiveCfg = Debug|Any CPU
		{0E1584A0-A0E2-4754-97BF-466B0719E5BB}.Debug|x64.Build.0 = Debug|Any CPU
		{0E1584A0-A0E2-4754-97BF-466B0719E5BB}.Debug|x64.Deploy.0 = Debug|Any CPU
		{0E1584A0-A0E2-4754-97BF-466B0719E5BB}.Debug|x86.ActiveCfg = Debug|Any CPU
		{0E1584A0-A0E2-4754-97BF-466B0719E5BB}.Debug|x86.Build.0 = Debug|Any CPU
		{0E1584A0-A0E2-4754-97BF-466B0719E5BB}.Debug|x86.Deploy.0 = Debug|Any CPU
		{0E1584A0-A0E2-4754-97BF-466B0719E5BB}.Release|Any CPU.ActiveCfg = Release|Any CPU
		{0E1584A0-A0E2-4754-97BF-466B0719E5BB}.Release|Any CPU.Build.0 = Release|Any CPU
		{0E1584A0-A0E2-4754-97BF-466B0719E5BB}.Release|Any CPU.Deploy.0 = Release|Any CPU
		{0E1584A0-A0E2-4754-97BF-466B0719E5BB}.Release|ARM.ActiveCfg = Release|Any CPU
		{0E1584A0-A0E2-4754-97BF-466B0719E5BB}.Release|ARM.Build.0 = Release|Any CPU
		{0E1584A0-A0E2-4754-97BF-466B0719E5BB}.Release|ARM.Deploy.0 = Release|Any CPU
		{0E1584A0-A0E2-4754-97BF-466B0719E5BB}.Release|iPhone.ActiveCfg = Release|Any CPU
		{0E1584A0-A0E2-4754-97BF-466B0719E5BB}.Release|iPhone.Build.0 = Release|Any CPU
		{0E1584A0-A0E2-4754-97BF-466B0719E5BB}.Release|iPhone.Deploy.0 = Release|Any CPU
		{0E1584A0-A0E2-4754-97BF-466B0719E5BB}.Release|iPhoneSimulator.ActiveCfg = Release|Any CPU
		{0E1584A0-A0E2-4754-97BF-466B0719E5BB}.Release|iPhoneSimulator.Build.0 = Release|Any CPU
		{0E1584A0-A0E2-4754-97BF-466B0719E5BB}.Release|iPhoneSimulator.Deploy.0 = Release|Any CPU
		{0E1584A0-A0E2-4754-97BF-466B0719E5BB}.Release|x64.ActiveCfg = Release|Any CPU
		{0E1584A0-A0E2-4754-97BF-466B0719E5BB}.Release|x64.Build.0 = Release|Any CPU
		{0E1584A0-A0E2-4754-97BF-466B0719E5BB}.Release|x64.Deploy.0 = Release|Any CPU
		{0E1584A0-A0E2-4754-97BF-466B0719E5BB}.Release|x86.ActiveCfg = Release|Any CPU
		{0E1584A0-A0E2-4754-97BF-466B0719E5BB}.Release|x86.Build.0 = Release|Any CPU
		{0E1584A0-A0E2-4754-97BF-466B0719E5BB}.Release|x86.Deploy.0 = Release|Any CPU
		{65D9F14E-EEF3-48EC-83B9-D7BCFCEA8133}.Debug|Any CPU.ActiveCfg = Debug|iPhone
		{65D9F14E-EEF3-48EC-83B9-D7BCFCEA8133}.Debug|Any CPU.Build.0 = Debug|iPhone
		{65D9F14E-EEF3-48EC-83B9-D7BCFCEA8133}.Debug|Any CPU.Deploy.0 = Debug|iPhone
		{65D9F14E-EEF3-48EC-83B9-D7BCFCEA8133}.Debug|ARM.ActiveCfg = Debug|iPhoneSimulator
		{65D9F14E-EEF3-48EC-83B9-D7BCFCEA8133}.Debug|ARM.Build.0 = Debug|iPhoneSimulator
		{65D9F14E-EEF3-48EC-83B9-D7BCFCEA8133}.Debug|ARM.Deploy.0 = Debug|iPhoneSimulator
		{65D9F14E-EEF3-48EC-83B9-D7BCFCEA8133}.Debug|iPhone.ActiveCfg = Debug|iPhone
		{65D9F14E-EEF3-48EC-83B9-D7BCFCEA8133}.Debug|iPhone.Build.0 = Debug|iPhone
		{65D9F14E-EEF3-48EC-83B9-D7BCFCEA8133}.Debug|iPhone.Deploy.0 = Debug|iPhone
		{65D9F14E-EEF3-48EC-83B9-D7BCFCEA8133}.Debug|iPhoneSimulator.ActiveCfg = Debug|iPhoneSimulator
		{65D9F14E-EEF3-48EC-83B9-D7BCFCEA8133}.Debug|iPhoneSimulator.Build.0 = Debug|iPhoneSimulator
		{65D9F14E-EEF3-48EC-83B9-D7BCFCEA8133}.Debug|iPhoneSimulator.Deploy.0 = Debug|iPhoneSimulator
		{65D9F14E-EEF3-48EC-83B9-D7BCFCEA8133}.Debug|x64.ActiveCfg = Debug|iPhone
		{65D9F14E-EEF3-48EC-83B9-D7BCFCEA8133}.Debug|x64.Build.0 = Debug|iPhone
		{65D9F14E-EEF3-48EC-83B9-D7BCFCEA8133}.Debug|x64.Deploy.0 = Debug|iPhone
		{65D9F14E-EEF3-48EC-83B9-D7BCFCEA8133}.Debug|x86.ActiveCfg = Debug|iPhone
		{65D9F14E-EEF3-48EC-83B9-D7BCFCEA8133}.Debug|x86.Build.0 = Debug|iPhone
		{65D9F14E-EEF3-48EC-83B9-D7BCFCEA8133}.Debug|x86.Deploy.0 = Debug|iPhone
		{65D9F14E-EEF3-48EC-83B9-D7BCFCEA8133}.Release|Any CPU.ActiveCfg = Release|iPhone
		{65D9F14E-EEF3-48EC-83B9-D7BCFCEA8133}.Release|Any CPU.Build.0 = Release|iPhone
		{65D9F14E-EEF3-48EC-83B9-D7BCFCEA8133}.Release|Any CPU.Deploy.0 = Release|iPhone
		{65D9F14E-EEF3-48EC-83B9-D7BCFCEA8133}.Release|ARM.ActiveCfg = Release|iPhone
		{65D9F14E-EEF3-48EC-83B9-D7BCFCEA8133}.Release|ARM.Build.0 = Release|iPhone
		{65D9F14E-EEF3-48EC-83B9-D7BCFCEA8133}.Release|ARM.Deploy.0 = Release|iPhone
		{65D9F14E-EEF3-48EC-83B9-D7BCFCEA8133}.Release|iPhone.ActiveCfg = Release|iPhone
		{65D9F14E-EEF3-48EC-83B9-D7BCFCEA8133}.Release|iPhone.Build.0 = Release|iPhone
		{65D9F14E-EEF3-48EC-83B9-D7BCFCEA8133}.Release|iPhone.Deploy.0 = Release|iPhone
		{65D9F14E-EEF3-48EC-83B9-D7BCFCEA8133}.Release|iPhoneSimulator.ActiveCfg = Release|iPhoneSimulator
		{65D9F14E-EEF3-48EC-83B9-D7BCFCEA8133}.Release|iPhoneSimulator.Build.0 = Release|iPhoneSimulator
		{65D9F14E-EEF3-48EC-83B9-D7BCFCEA8133}.Release|iPhoneSimulator.Deploy.0 = Release|iPhoneSimulator
		{65D9F14E-EEF3-48EC-83B9-D7BCFCEA8133}.Release|x64.ActiveCfg = Release|iPhone
		{65D9F14E-EEF3-48EC-83B9-D7BCFCEA8133}.Release|x64.Build.0 = Release|iPhone
		{65D9F14E-EEF3-48EC-83B9-D7BCFCEA8133}.Release|x64.Deploy.0 = Release|iPhone
		{65D9F14E-EEF3-48EC-83B9-D7BCFCEA8133}.Release|x86.ActiveCfg = Release|iPhone
		{65D9F14E-EEF3-48EC-83B9-D7BCFCEA8133}.Release|x86.Build.0 = Release|iPhone
		{65D9F14E-EEF3-48EC-83B9-D7BCFCEA8133}.Release|x86.Deploy.0 = Release|iPhone
		{701EF391-6DCA-4390-87AF-49CF61072DB3}.Debug|Any CPU.ActiveCfg = Debug|Any CPU
		{701EF391-6DCA-4390-87AF-49CF61072DB3}.Debug|Any CPU.Build.0 = Debug|Any CPU
		{701EF391-6DCA-4390-87AF-49CF61072DB3}.Debug|Any CPU.Deploy.0 = Debug|Any CPU
		{701EF391-6DCA-4390-87AF-49CF61072DB3}.Debug|ARM.ActiveCfg = Debug|Any CPU
		{701EF391-6DCA-4390-87AF-49CF61072DB3}.Debug|ARM.Build.0 = Debug|Any CPU
		{701EF391-6DCA-4390-87AF-49CF61072DB3}.Debug|ARM.Deploy.0 = Debug|Any CPU
		{701EF391-6DCA-4390-87AF-49CF61072DB3}.Debug|iPhone.ActiveCfg = Debug|Any CPU
		{701EF391-6DCA-4390-87AF-49CF61072DB3}.Debug|iPhone.Build.0 = Debug|Any CPU
		{701EF391-6DCA-4390-87AF-49CF61072DB3}.Debug|iPhone.Deploy.0 = Debug|Any CPU
		{701EF391-6DCA-4390-87AF-49CF61072DB3}.Debug|iPhoneSimulator.ActiveCfg = Debug|Any CPU
		{701EF391-6DCA-4390-87AF-49CF61072DB3}.Debug|iPhoneSimulator.Build.0 = Debug|Any CPU
		{701EF391-6DCA-4390-87AF-49CF61072DB3}.Debug|iPhoneSimulator.Deploy.0 = Debug|Any CPU
		{701EF391-6DCA-4390-87AF-49CF61072DB3}.Debug|x64.ActiveCfg = Debug|Any CPU
		{701EF391-6DCA-4390-87AF-49CF61072DB3}.Debug|x64.Build.0 = Debug|Any CPU
		{701EF391-6DCA-4390-87AF-49CF61072DB3}.Debug|x64.Deploy.0 = Debug|Any CPU
		{701EF391-6DCA-4390-87AF-49CF61072DB3}.Debug|x86.ActiveCfg = Debug|Any CPU
		{701EF391-6DCA-4390-87AF-49CF61072DB3}.Debug|x86.Build.0 = Debug|Any CPU
		{701EF391-6DCA-4390-87AF-49CF61072DB3}.Debug|x86.Deploy.0 = Debug|Any CPU
		{701EF391-6DCA-4390-87AF-49CF61072DB3}.Release|Any CPU.ActiveCfg = Release|Any CPU
		{701EF391-6DCA-4390-87AF-49CF61072DB3}.Release|Any CPU.Build.0 = Release|Any CPU
		{701EF391-6DCA-4390-87AF-49CF61072DB3}.Release|Any CPU.Deploy.0 = Release|Any CPU
		{701EF391-6DCA-4390-87AF-49CF61072DB3}.Release|ARM.ActiveCfg = Release|Any CPU
		{701EF391-6DCA-4390-87AF-49CF61072DB3}.Release|ARM.Build.0 = Release|Any CPU
		{701EF391-6DCA-4390-87AF-49CF61072DB3}.Release|ARM.Deploy.0 = Release|Any CPU
		{701EF391-6DCA-4390-87AF-49CF61072DB3}.Release|iPhone.ActiveCfg = Release|Any CPU
		{701EF391-6DCA-4390-87AF-49CF61072DB3}.Release|iPhone.Build.0 = Release|Any CPU
		{701EF391-6DCA-4390-87AF-49CF61072DB3}.Release|iPhone.Deploy.0 = Release|Any CPU
		{701EF391-6DCA-4390-87AF-49CF61072DB3}.Release|iPhoneSimulator.ActiveCfg = Release|Any CPU
		{701EF391-6DCA-4390-87AF-49CF61072DB3}.Release|iPhoneSimulator.Build.0 = Release|Any CPU
		{701EF391-6DCA-4390-87AF-49CF61072DB3}.Release|iPhoneSimulator.Deploy.0 = Release|Any CPU
		{701EF391-6DCA-4390-87AF-49CF61072DB3}.Release|x64.ActiveCfg = Release|Any CPU
		{701EF391-6DCA-4390-87AF-49CF61072DB3}.Release|x64.Build.0 = Release|Any CPU
		{701EF391-6DCA-4390-87AF-49CF61072DB3}.Release|x64.Deploy.0 = Release|Any CPU
		{701EF391-6DCA-4390-87AF-49CF61072DB3}.Release|x86.ActiveCfg = Release|Any CPU
		{701EF391-6DCA-4390-87AF-49CF61072DB3}.Release|x86.Build.0 = Release|Any CPU
		{701EF391-6DCA-4390-87AF-49CF61072DB3}.Release|x86.Deploy.0 = Release|Any CPU
	EndGlobalSection
	GlobalSection(SolutionProperties) = preSolution
		HideSolutionNode = FALSE
	EndGlobalSection
	GlobalSection(ExtensibilityGlobals) = postSolution
		SolutionGuid = {2177BA77-5CED-47A4-83E4-99FDDEF55CB2}
	EndGlobalSection
EndGlobal
